
Microsoft Visual Studio Solution File, Format Version 11.00
# Visual Studio 2010
Project("{FAE04EC0-301F-11D3-BF4B-00C04F79EFBC}") = "UnityEngine.TestRunner", "UnityEngine.TestRunner.csproj", "{29232af6-b170-5298-407e-77c36079ddcc}"
EndProject
Project("{FAE04EC0-301F-11D3-BF4B-00C04F79EFBC}") = "Unity.Mathematics", "Unity.Mathematics.csproj", "{1259abc9-a2c4-a33d-6e8f-336a7b5e2092}"
EndProject
Project("{FAE04EC0-301F-11D3-BF4B-00C04F79EFBC}") = "Unity.2D.Animation.Triangle.Runtime", "Unity.2D.Animation.Triangle.Runtime.csproj", "{d0fad91d-6fca-5867-2f4a-2e85af6de93e}"
EndProject
Project("{FAE04EC0-301F-11D3-BF4B-00C04F79EFBC}") = "Unity.Timeline", "Unity.Timeline.csproj", "{03468e81-4875-8bda-8fee-6e15e6a49120}"
EndProject
Project("{FAE04EC0-301F-11D3-BF4B-00C04F79EFBC}") = "UnityEngine.UI", "UnityEngine.UI.csproj", "{90747ce5-47a8-b647-93ec-a5d77ba4587f}"
EndProject
Project("{FAE04EC0-301F-11D3-BF4B-00C04F79EFBC}") = "Unity.TextMeshPro", "Unity.TextMeshPro.csproj", "{097d3839-129d-395c-d720-6b7e2f3d2027}"
EndProject
Project("{FAE04EC0-301F-11D3-BF4B-00C04F79EFBC}") = "Unity.2D.Animation.Runtime", "Unity.2D.Animation.Runtime.csproj", "{c2d1e9cf-36a9-c93c-092f-1c6bfe2c7971}"
EndProject
Project("{FAE04EC0-301F-11D3-BF4B-00C04F79EFBC}") = "Unity.2D.IK.Runtime", "Unity.2D.IK.Runtime.csproj", "{69b1e251-64ea-1449-eef9-88219ce86b5e}"
EndProject
Project("{FAE04EC0-301F-11D3-BF4B-00C04F79EFBC}") = "Unity.2D.SpriteShape.Runtime", "Unity.2D.SpriteShape.Runtime.csproj", "{7032ebb1-dfd6-31f7-504e-e81b42958db5}"
EndProject
Project("{FAE04EC0-301F-11D3-BF4B-00C04F79EFBC}") = "Assembly-CSharp", "Assembly-CSharp.csproj", "{6606e91e-aa32-9472-59a2-438b61f059cc}"
EndProject
Project("{FAE04EC0-301F-11D3-BF4B-00C04F79EFBC}") = "Unity.2D.PixelPerfect", "Unity.2D.PixelPerfect.csproj", "{0ed648c5-2e8e-d448-70cb-a5b313970a82}"
EndProject
Project("{FAE04EC0-301F-11D3-BF4B-00C04F79EFBC}") = "Unity.2D.Common.Runtime", "Unity.2D.Common.Runtime.csproj", "{7766442b-0101-558b-5125-5db5098ce64a}"
EndProject
Project("{FAE04EC0-301F-11D3-BF4B-00C04F79EFBC}") = "Unity.InternalAPIEngineBridge.001", "Unity.InternalAPIEngineBridge.001.csproj", "{0d354ac3-5075-f673-c3f4-a9a15a71a6fa}"
EndProject
Project("{FAE04EC0-301F-11D3-BF4B-00C04F79EFBC}") = "UnityEditor.TestRunner", "UnityEditor.TestRunner.csproj", "{d442e157-fe7b-912d-14da-94fca16f123b}"
EndProject
Project("{FAE04EC0-301F-11D3-BF4B-00C04F79EFBC}") = "Unity.PlasticSCM.Editor", "Unity.PlasticSCM.Editor.csproj", "{1f03839c-1aa2-5b76-cebb-63eee80b6248}"
EndProject
Project("{FAE04EC0-301F-11D3-BF4B-00C04F79EFBC}") = "UnityEditor.UI", "UnityEditor.UI.csproj", "{fdc08859-18c8-1c02-95dd-7a87ab051812}"
EndProject
Project("{FAE04EC0-301F-11D3-BF4B-00C04F79EFBC}") = "Unity.Timeline.Editor", "Unity.Timeline.Editor.csproj", "{76429d38-c354-d109-70f9-665f2f536d1c}"
EndProject
Project("{FAE04EC0-301F-11D3-BF4B-00C04F79EFBC}") = "Unity.VisualStudio.Editor", "Unity.VisualStudio.Editor.csproj", "{ffe795c2-7234-1b60-bf6d-506eaad22e70}"
EndProject
Project("{FAE04EC0-301F-11D3-BF4B-00C04F79EFBC}") = "Unity.2D.Psdimporter.Editor", "Unity.2D.Psdimporter.Editor.csproj", "{1690e40e-8a79-f9c3-49d0-76e53ed7963f}"
EndProject
Project("{FAE04EC0-301F-11D3-BF4B-00C04F79EFBC}") = "Unity.2D.Animation.Editor", "Unity.2D.Animation.Editor.csproj", "{c149f5be-bb7c-003b-a253-a6ad2539550d}"
EndProject
Project("{FAE04EC0-301F-11D3-BF4B-00C04F79EFBC}") = "Unity.TextMeshPro.Editor", "Unity.TextMeshPro.Editor.csproj", "{b8df94e1-0967-92ba-37b5-6d9e0d874a71}"
EndProject
Project("{FAE04EC0-301F-11D3-BF4B-00C04F79EFBC}") = "Unity.2D.SpriteShape.Editor", "Unity.2D.SpriteShape.Editor.csproj", "{36003045-2cf2-ba63-f733-6aa371917a96}"
EndProject
Project("{FAE04EC0-301F-11D3-BF4B-00C04F79EFBC}") = "Unity.CollabProxy.Editor", "Unity.CollabProxy.Editor.csproj", "{03a28892-2cdd-c79b-17fa-07ec5d2514d1}"
EndProject
Project("{FAE04EC0-301F-11D3-BF4B-00C04F79EFBC}") = "PsdPlugin", "PsdPlugin.csproj", "{6f887a39-18c4-cd36-9e0d-c80102f41b75}"
EndProject
Project("{FAE04EC0-301F-11D3-BF4B-00C04F79EFBC}") = "Unity.2D.Path.Editor", "Unity.2D.Path.Editor.csproj", "{309af138-d1a0-d0ad-7fac-21060c379b3e}"
EndProject
Project("{FAE04EC0-301F-11D3-BF4B-00C04F79EFBC}") = "Unity.Rider.Editor", "Unity.Rider.Editor.csproj", "{e9047a6a-73c4-fb2e-4220-32bfe51ad85e}"
EndProject
Project("{FAE04EC0-301F-11D3-BF4B-00C04F79EFBC}") = "Unity.2D.IK.Editor", "Unity.2D.IK.Editor.csproj", "{1494af17-12d9-7803-f2aa-ea1464126d0b}"
EndProject
Project("{FAE04EC0-301F-11D3-BF4B-00C04F79EFBC}") = "Unity.2D.Sprite.Editor", "Unity.2D.Sprite.Editor.csproj", "{f3922629-7dc2-694e-f4c7-beead32c164b}"
EndProject
Project("{FAE04EC0-301F-11D3-BF4B-00C04F79EFBC}") = "Unity.2D.Tilemap.Editor", "Unity.2D.Tilemap.Editor.csproj", "{b16e391e-cd70-10cb-77ba-64f63523b0e8}"
EndProject
Project("{FAE04EC0-301F-11D3-BF4B-00C04F79EFBC}") = "Unity.2D.PixelPerfect.Editor", "Unity.2D.PixelPerfect.Editor.csproj", "{5f76801e-a598-6f30-516c-510cd62c8503}"
EndProject
Project("{FAE04EC0-301F-11D3-BF4B-00C04F79EFBC}") = "Unity.VSCode.Editor", "Unity.VSCode.Editor.csproj", "{94464d3b-6a4c-7569-a269-5167a6e86b67}"
EndProject
Project("{FAE04EC0-301F-11D3-BF4B-00C04F79EFBC}") = "Unity.2D.Common.Editor", "Unity.2D.Common.Editor.csproj", "{ece17db6-7723-2468-15d0-7c5c8d1d633b}"
EndProject
Project("{FAE04EC0-301F-11D3-BF4B-00C04F79EFBC}") = "Unity.Mathematics.Editor", "Unity.Mathematics.Editor.csproj", "{611d272a-b157-53f4-428c-67fcdd8a7986}"
EndProject
Project("{FAE04EC0-301F-11D3-BF4B-00C04F79EFBC}") = "Unity.InternalAPIEditorBridge.001", "Unity.InternalAPIEditorBridge.001.csproj", "{33de3b3d-a265-019e-4e70-c442772f70c4}"
EndProject
Global
	GlobalSection(SolutionConfigurationPlatforms) = preSolution
		Debug|Any CPU = Debug|Any CPU
	EndGlobalSection
	GlobalSection(ProjectConfigurationPlatforms) = postSolution
		{29232af6-b170-5298-407e-77c36079ddcc}.Debug|Any CPU.ActiveCfg = Debug|Any CPU
		{29232af6-b170-5298-407e-77c36079ddcc}.Debug|Any CPU.Build.0 = Debug|Any CPU
		{1259abc9-a2c4-a33d-6e8f-336a7b5e2092}.Debug|Any CPU.ActiveCfg = Debug|Any CPU
		{1259abc9-a2c4-a33d-6e8f-336a7b5e2092}.Debug|Any CPU.Build.0 = Debug|Any CPU
		{d0fad91d-6fca-5867-2f4a-2e85af6de93e}.Debug|Any CPU.ActiveCfg = Debug|Any CPU
		{d0fad91d-6fca-5867-2f4a-2e85af6de93e}.Debug|Any CPU.Build.0 = Debug|Any CPU
		{03468e81-4875-8bda-8fee-6e15e6a49120}.Debug|Any CPU.ActiveCfg = Debug|Any CPU
		{03468e81-4875-8bda-8fee-6e15e6a49120}.Debug|Any CPU.Build.0 = Debug|Any CPU
		{90747ce5-47a8-b647-93ec-a5d77ba4587f}.Debug|Any CPU.ActiveCfg = Debug|Any CPU
		{90747ce5-47a8-b647-93ec-a5d77ba4587f}.Debug|Any CPU.Build.0 = Debug|Any CPU
		{097d3839-129d-395c-d720-6b7e2f3d2027}.Debug|Any CPU.ActiveCfg = Debug|Any CPU
		{097d3839-129d-395c-d720-6b7e2f3d2027}.Debug|Any CPU.Build.0 = Debug|Any CPU
		{c2d1e9cf-36a9-c93c-092f-1c6bfe2c7971}.Debug|Any CPU.ActiveCfg = Debug|Any CPU
		{c2d1e9cf-36a9-c93c-092f-1c6bfe2c7971}.Debug|Any CPU.Build.0 = Debug|Any CPU
		{69b1e251-64ea-1449-eef9-88219ce86b5e}.Debug|Any CPU.ActiveCfg = Debug|Any CPU
		{69b1e251-64ea-1449-eef9-88219ce86b5e}.Debug|Any CPU.Build.0 = Debug|Any CPU
		{7032ebb1-dfd6-31f7-504e-e81b42958db5}.Debug|Any CPU.ActiveCfg = Debug|Any CPU
		{7032ebb1-dfd6-31f7-504e-e81b42958db5}.Debug|Any CPU.Build.0 = Debug|Any CPU
		{6606e91e-aa32-9472-59a2-438b61f059cc}.Debug|Any CPU.ActiveCfg = Debug|Any CPU
		{6606e91e-aa32-9472-59a2-438b61f059cc}.Debug|Any CPU.Build.0 = Debug|Any CPU
		{0ed648c5-2e8e-d448-70cb-a5b313970a82}.Debug|Any CPU.ActiveCfg = Debug|Any CPU
		{0ed648c5-2e8e-d448-70cb-a5b313970a82}.Debug|Any CPU.Build.0 = Debug|Any CPU
		{7766442b-0101-558b-5125-5db5098ce64a}.Debug|Any CPU.ActiveCfg = Debug|Any CPU
		{7766442b-0101-558b-5125-5db5098ce64a}.Debug|Any CPU.Build.0 = Debug|Any CPU
		{0d354ac3-5075-f673-c3f4-a9a15a71a6fa}.Debug|Any CPU.ActiveCfg = Debug|Any CPU
		{0d354ac3-5075-f673-c3f4-a9a15a71a6fa}.Debug|Any CPU.Build.0 = Debug|Any CPU
		{d442e157-fe7b-912d-14da-94fca16f123b}.Debug|Any CPU.ActiveCfg = Debug|Any CPU
		{d442e157-fe7b-912d-14da-94fca16f123b}.Debug|Any CPU.Build.0 = Debug|Any CPU
		{1f03839c-1aa2-5b76-cebb-63eee80b6248}.Debug|Any CPU.ActiveCfg = Debug|Any CPU
		{1f03839c-1aa2-5b76-cebb-63eee80b6248}.Debug|Any CPU.Build.0 = Debug|Any CPU
		{fdc08859-18c8-1c02-95dd-7a87ab051812}.Debug|Any CPU.ActiveCfg = Debug|Any CPU
		{fdc08859-18c8-1c02-95dd-7a87ab051812}.Debug|Any CPU.Build.0 = Debug|Any CPU
		{76429d38-c354-d109-70f9-665f2f536d1c}.Debug|Any CPU.ActiveCfg = Debug|Any CPU
		{76429d38-c354-d109-70f9-665f2f536d1c}.Debug|Any CPU.Build.0 = Debug|Any CPU
		{ffe795c2-7234-1b60-bf6d-506eaad22e70}.Debug|Any CPU.ActiveCfg = Debug|Any CPU
		{ffe795c2-7234-1b60-bf6d-506eaad22e70}.Debug|Any CPU.Build.0 = Debug|Any CPU
		{1690e40e-8a79-f9c3-49d0-76e53ed7963f}.Debug|Any CPU.ActiveCfg = Debug|Any CPU
		{1690e40e-8a79-f9c3-49d0-76e53ed7963f}.Debug|Any CPU.Build.0 = Debug|Any CPU
		{c149f5be-bb7c-003b-a253-a6ad2539550d}.Debug|Any CPU.ActiveCfg = Debug|Any CPU
		{c149f5be-bb7c-003b-a253-a6ad2539550d}.Debug|Any CPU.Build.0 = Debug|Any CPU
		{b8df94e1-0967-92ba-37b5-6d9e0d874a71}.Debug|Any CPU.ActiveCfg = Debug|Any CPU
		{b8df94e1-0967-92ba-37b5-6d9e0d874a71}.Debug|Any CPU.Build.0 = Debug|Any CPU
		{36003045-2cf2-ba63-f733-6aa371917a96}.Debug|Any CPU.ActiveCfg = Debug|Any CPU
		{36003045-2cf2-ba63-f733-6aa371917a96}.Debug|Any CPU.Build.0 = Debug|Any CPU
		{03a28892-2cdd-c79b-17fa-07ec5d2514d1}.Debug|Any CPU.ActiveCfg = Debug|Any CPU
		{03a28892-2cdd-c79b-17fa-07ec5d2514d1}.Debug|Any CPU.Build.0 = Debug|Any CPU
		{6f887a39-18c4-cd36-9e0d-c80102f41b75}.Debug|Any CPU.ActiveCfg = Debug|Any CPU
		{6f887a39-18c4-cd36-9e0d-c80102f41b75}.Debug|Any CPU.Build.0 = Debug|Any CPU
		{309af138-d1a0-d0ad-7fac-21060c379b3e}.Debug|Any CPU.ActiveCfg = Debug|Any CPU
		{309af138-d1a0-d0ad-7fac-21060c379b3e}.Debug|Any CPU.Build.0 = Debug|Any CPU
		{e9047a6a-73c4-fb2e-4220-32bfe51ad85e}.Debug|Any CPU.ActiveCfg = Debug|Any CPU
		{e9047a6a-73c4-fb2e-4220-32bfe51ad85e}.Debug|Any CPU.Build.0 = Debug|Any CPU
		{1494af17-12d9-7803-f2aa-ea1464126d0b}.Debug|Any CPU.ActiveCfg = Debug|Any CPU
		{1494af17-12d9-7803-f2aa-ea1464126d0b}.Debug|Any CPU.Build.0 = Debug|Any CPU
		{f3922629-7dc2-694e-f4c7-beead32c164b}.Debug|Any CPU.ActiveCfg = Debug|Any CPU
		{f3922629-7dc2-694e-f4c7-beead32c164b}.Debug|Any CPU.Build.0 = Debug|Any CPU
		{b16e391e-cd70-10cb-77ba-64f63523b0e8}.Debug|Any CPU.ActiveCfg = Debug|Any CPU
		{b16e391e-cd70-10cb-77ba-64f63523b0e8}.Debug|Any CPU.Build.0 = Debug|Any CPU
		{5f76801e-a598-6f30-516c-510cd62c8503}.Debug|Any CPU.ActiveCfg = Debug|Any CPU
		{5f76801e-a598-6f30-516c-510cd62c8503}.Debug|Any CPU.Build.0 = Debug|Any CPU
		{94464d3b-6a4c-7569-a269-5167a6e86b67}.Debug|Any CPU.ActiveCfg = Debug|Any CPU
		{94464d3b-6a4c-7569-a269-5167a6e86b67}.Debug|Any CPU.Build.0 = Debug|Any CPU
		{ece17db6-7723-2468-15d0-7c5c8d1d633b}.Debug|Any CPU.ActiveCfg = Debug|Any CPU
		{ece17db6-7723-2468-15d0-7c5c8d1d633b}.Debug|Any CPU.Build.0 = Debug|Any CPU
		{611d272a-b157-53f4-428c-67fcdd8a7986}.Debug|Any CPU.ActiveCfg = Debug|Any CPU
		{611d272a-b157-53f4-428c-67fcdd8a7986}.Debug|Any CPU.Build.0 = Debug|Any CPU
		{33de3b3d-a265-019e-4e70-c442772f70c4}.Debug|Any CPU.ActiveCfg = Debug|Any CPU
		{33de3b3d-a265-019e-4e70-c442772f70c4}.Debug|Any CPU.Build.0 = Debug|Any CPU
	EndGlobalSection
	GlobalSection(SolutionProperties) = preSolution
		HideSolutionNode = FALSE
	EndGlobalSection
EndGlobal
